// !$*UTF8*$!
{
	archiveVersion = 1;
	classes = {
	};
	objectVersion = 48;
	objects = {

/* Begin PBXBuildFile section */
		16E668A7B7110EEEF2AB86AD /* Pods_ReduxSampleSwift.framework in Frameworks */ = {isa = PBXBuildFile; fileRef = 96CB00677271C596CFB78B93 /* Pods_ReduxSampleSwift.framework */; };
		DE041AD22096758B005271E1 /* SelectFormTableViewCell.swift in Sources */ = {isa = PBXBuildFile; fileRef = DE041AD02096758B005271E1 /* SelectFormTableViewCell.swift */; };
		DE041AD32096758B005271E1 /* SelectFormTableViewCell.xib in Resources */ = {isa = PBXBuildFile; fileRef = DE041AD12096758B005271E1 /* SelectFormTableViewCell.xib */; };
		DE041AD52096E759005271E1 /* NSObjectProtocol.swift in Sources */ = {isa = PBXBuildFile; fileRef = DE041AD42096E759005271E1 /* NSObjectProtocol.swift */; };
		DE041AD72096E81F005271E1 /* UITableViewExtension.swift in Sources */ = {isa = PBXBuildFile; fileRef = DE041AD62096E81F005271E1 /* UITableViewExtension.swift */; };
		DE041AD92096E8C4005271E1 /* UICollectionViewExtension.swift in Sources */ = {isa = PBXBuildFile; fileRef = DE041AD82096E8C4005271E1 /* UICollectionViewExtension.swift */; };
		DE041ADF209DFAF5005271E1 /* AppConstants.swift in Sources */ = {isa = PBXBuildFile; fileRef = DE041ADE209DFAF5005271E1 /* AppConstants.swift */; };
		DE09D4091FFFC1E700177D36 /* APIRequestManagerForHotpepper.swift in Sources */ = {isa = PBXBuildFile; fileRef = DE09D4081FFFC1E700177D36 /* APIRequestManagerForHotpepper.swift */; };
		DE2685EF20C83B4B00D50BCA /* GourmetShopCollectionViewCell.swift in Sources */ = {isa = PBXBuildFile; fileRef = DE2685ED20C83B4B00D50BCA /* GourmetShopCollectionViewCell.swift */; };
		DE2685F020C83B4B00D50BCA /* GourmetShopCollectionViewCell.xib in Resources */ = {isa = PBXBuildFile; fileRef = DE2685EE20C83B4B00D50BCA /* GourmetShopCollectionViewCell.xib */; };
		DE2766A120B27CE30013248E /* TutorialActionCreator.swift in Sources */ = {isa = PBXBuildFile; fileRef = DE2766A020B27CE30013248E /* TutorialActionCreator.swift */; };
		DE2766A320B392610013248E /* InitialSettingActionCreator.swift in Sources */ = {isa = PBXBuildFile; fileRef = DE2766A220B392600013248E /* InitialSettingActionCreator.swift */; };
		DE2766A520B395240013248E /* UserSettingActionCreator.swift in Sources */ = {isa = PBXBuildFile; fileRef = DE2766A420B395230013248E /* UserSettingActionCreator.swift */; };
		DE2766AA20BA71B50013248E /* ActionLoggingMiddleware.swift in Sources */ = {isa = PBXBuildFile; fileRef = DE2766A920BA71B50013248E /* ActionLoggingMiddleware.swift */; };
		DE2766AD20BAAEBB0013248E /* MonthlyCalendarViewController.swift in Sources */ = {isa = PBXBuildFile; fileRef = DE2766AC20BAAEBA0013248E /* MonthlyCalendarViewController.swift */; };
		DE2766AF20BAAEE30013248E /* PickupMessageViewController.swift in Sources */ = {isa = PBXBuildFile; fileRef = DE2766AE20BAAEE30013248E /* PickupMessageViewController.swift */; };
		DE2766B120BAAF2E0013248E /* GourmetShopViewController.swift in Sources */ = {isa = PBXBuildFile; fileRef = DE2766B020BAAF2E0013248E /* GourmetShopViewController.swift */; };
		DE2766B320BAAF4D0013248E /* EnglishNewsViewController.swift in Sources */ = {isa = PBXBuildFile; fileRef = DE2766B220BAAF4D0013248E /* EnglishNewsViewController.swift */; };
		DE2766B620BAEFB50013248E /* DailyMemo.storyboard in Resources */ = {isa = PBXBuildFile; fileRef = DE2766B420BAEFB50013248E /* DailyMemo.storyboard */; };
		DE2766B920BAF0100013248E /* UserSetting.storyboard in Resources */ = {isa = PBXBuildFile; fileRef = DE2766B720BAF0100013248E /* UserSetting.storyboard */; };
		DE2766BD20BAF24B0013248E /* DailyMemoViewController.swift in Sources */ = {isa = PBXBuildFile; fileRef = DE2766BC20BAF24B0013248E /* DailyMemoViewController.swift */; };
		DE2766C120BAF83F0013248E /* MessageDetail.storyboard in Resources */ = {isa = PBXBuildFile; fileRef = DE2766BF20BAF83F0013248E /* MessageDetail.storyboard */; };
		DE2766C420BAF9B60013248E /* MessageDetailViewController.swift in Sources */ = {isa = PBXBuildFile; fileRef = DE2766C320BAF9B60013248E /* MessageDetailViewController.swift */; };
		DE2766C720BAFD470013248E /* NewsDetail.storyboard in Resources */ = {isa = PBXBuildFile; fileRef = DE2766C520BAFD470013248E /* NewsDetail.storyboard */; };
		DE2766CA20BAFDC40013248E /* NewsDetailViewController.swift in Sources */ = {isa = PBXBuildFile; fileRef = DE2766C920BAFDC40013248E /* NewsDetailViewController.swift */; };
		DE4D4149206295D70038CC01 /* UserSettingEntity.swift in Sources */ = {isa = PBXBuildFile; fileRef = DE4D4148206295D70038CC01 /* UserSettingEntity.swift */; };
		DE5867FD20C3E5C100D1F78D /* CalendarButtonView.swift in Sources */ = {isa = PBXBuildFile; fileRef = DE5867FC20C3E5C100D1F78D /* CalendarButtonView.swift */; };
		DE58680420C3FB6500D1F78D /* CalendarButtonView.xib in Resources */ = {isa = PBXBuildFile; fileRef = DE58680320C3FB6500D1F78D /* CalendarButtonView.xib */; };
		DE58680820C3FCDE00D1F78D /* CalendarButtonModule.swift in Sources */ = {isa = PBXBuildFile; fileRef = DE58680720C3FCDE00D1F78D /* CalendarButtonModule.swift */; };
		DE591DF8201370360097974A /* AppReducer.swift in Sources */ = {isa = PBXBuildFile; fileRef = DE591DF7201370360097974A /* AppReducer.swift */; };
		DE59F78020CAD1B6005B2BCC /* EnglishNewsTableViewCell.xib in Resources */ = {isa = PBXBuildFile; fileRef = DE59F77E20CAD1B6005B2BCC /* EnglishNewsTableViewCell.xib */; };
		DE59F78120CAD1B6005B2BCC /* EnglishNewsTableViewCell.swift in Sources */ = {isa = PBXBuildFile; fileRef = DE59F77F20CAD1B6005B2BCC /* EnglishNewsTableViewCell.swift */; };
		DE6565082094D8B4005745D2 /* InitialSetting.storyboard in Resources */ = {isa = PBXBuildFile; fileRef = DE6565062094D8B4005745D2 /* InitialSetting.storyboard */; };
		DE65650B2095C8A8005745D2 /* UserSetting.swift in Sources */ = {isa = PBXBuildFile; fileRef = DE65650A2095C8A8005745D2 /* UserSetting.swift */; };
		DE671AFD1FDFC75400B752CA /* AppDelegate.swift in Sources */ = {isa = PBXBuildFile; fileRef = DE671AFC1FDFC75400B752CA /* AppDelegate.swift */; };
		DE671AFF1FDFC75400B752CA /* MainViewController.swift in Sources */ = {isa = PBXBuildFile; fileRef = DE671AFE1FDFC75400B752CA /* MainViewController.swift */; };
		DE671B021FDFC75400B752CA /* Main.storyboard in Resources */ = {isa = PBXBuildFile; fileRef = DE671B001FDFC75400B752CA /* Main.storyboard */; };
		DE671B041FDFC75400B752CA /* Assets.xcassets in Resources */ = {isa = PBXBuildFile; fileRef = DE671B031FDFC75400B752CA /* Assets.xcassets */; };
		DE671B071FDFC75400B752CA /* LaunchScreen.storyboard in Resources */ = {isa = PBXBuildFile; fileRef = DE671B051FDFC75400B752CA /* LaunchScreen.storyboard */; };
		DE671B121FDFC75500B752CA /* ReduxSampleSwiftTests.swift in Sources */ = {isa = PBXBuildFile; fileRef = DE671B111FDFC75500B752CA /* ReduxSampleSwiftTests.swift */; };
		DE671B1D1FDFC75500B752CA /* ReduxSampleSwiftUITests.swift in Sources */ = {isa = PBXBuildFile; fileRef = DE671B1C1FDFC75500B752CA /* ReduxSampleSwiftUITests.swift */; };
		DE85D2B51FE6AB2C0017C3AF /* AppState.swift in Sources */ = {isa = PBXBuildFile; fileRef = DE85D2B41FE6AB2C0017C3AF /* AppState.swift */; };
		DED8E96420C43DC700836CE4 /* PickupMessageFlowLayout.swift in Sources */ = {isa = PBXBuildFile; fileRef = DED8E96320C43DC700836CE4 /* PickupMessageFlowLayout.swift */; };
		DED8E96920C55B0300836CE4 /* PickupMessageCollectionViewCell.swift in Sources */ = {isa = PBXBuildFile; fileRef = DED8E96720C55B0300836CE4 /* PickupMessageCollectionViewCell.swift */; };
		DED8E96A20C55B0300836CE4 /* PickupMessageCollectionViewCell.xib in Resources */ = {isa = PBXBuildFile; fileRef = DED8E96820C55B0300836CE4 /* PickupMessageCollectionViewCell.xib */; };
		DEDC73F42095F29F00694443 /* UserSettingViewController.swift in Sources */ = {isa = PBXBuildFile; fileRef = DEDC73F32095F29F00694443 /* UserSettingViewController.swift */; };
		DEDC73F920965AED00694443 /* UserSettingAction.swift in Sources */ = {isa = PBXBuildFile; fileRef = DEDC73F820965AED00694443 /* UserSettingAction.swift */; };
		DEDC73FB20965B4600694443 /* UserSettingState.swift in Sources */ = {isa = PBXBuildFile; fileRef = DEDC73FA20965B4600694443 /* UserSettingState.swift */; };
		DEDC73FD2096651700694443 /* UserSettingReducer.swift in Sources */ = {isa = PBXBuildFile; fileRef = DEDC73FC2096651700694443 /* UserSettingReducer.swift */; };
		DEDC73FF209668B400694443 /* SelectedResidentPeriodEnum.swift in Sources */ = {isa = PBXBuildFile; fileRef = DEDC73FE209668B400694443 /* SelectedResidentPeriodEnum.swift */; };
		DEDC740120966B1E00694443 /* SelectedAgeEnum.swift in Sources */ = {isa = PBXBuildFile; fileRef = DEDC740020966B1E00694443 /* SelectedAgeEnum.swift */; };
		DEE53CDC1FF4E2690097C7B2 /* UIColorExtension.swift in Sources */ = {isa = PBXBuildFile; fileRef = DEE53CDB1FF4E2690097C7B2 /* UIColorExtension.swift */; };
		DEE53CDF1FF4E28A0097C7B2 /* UIViewControllerExtension.swift in Sources */ = {isa = PBXBuildFile; fileRef = DEE53CDE1FF4E28A0097C7B2 /* UIViewControllerExtension.swift */; };
		DEE53CE11FF4E2DE0097C7B2 /* UIImageExtension.swift in Sources */ = {isa = PBXBuildFile; fileRef = DEE53CE01FF4E2DE0097C7B2 /* UIImageExtension.swift */; };
		DEE53CE51FF4E3C40097C7B2 /* ReuseCellConfigure.swift in Sources */ = {isa = PBXBuildFile; fileRef = DEE53CE41FF4E3C40097C7B2 /* ReuseCellConfigure.swift */; };
		DEE53CE81FF4E7530097C7B2 /* Constants.swift in Sources */ = {isa = PBXBuildFile; fileRef = DEE53CE71FF4E7530097C7B2 /* Constants.swift */; };
		DEE53CEC1FF4ED640097C7B2 /* TutorialState.swift in Sources */ = {isa = PBXBuildFile; fileRef = DEE53CEB1FF4ED640097C7B2 /* TutorialState.swift */; };
		DEE53CEE1FF50E800097C7B2 /* TutorialAction.swift in Sources */ = {isa = PBXBuildFile; fileRef = DEE53CED1FF50E800097C7B2 /* TutorialAction.swift */; };
		DEE53CF01FF7921D0097C7B2 /* TutorialReducer.swift in Sources */ = {isa = PBXBuildFile; fileRef = DEE53CEF1FF7921D0097C7B2 /* TutorialReducer.swift */; };
		DEE53CF41FFBB4660097C7B2 /* DeviceSize.swift in Sources */ = {isa = PBXBuildFile; fileRef = DEE53CF31FFBB4660097C7B2 /* DeviceSize.swift */; };
		DEE53CF61FFBB5AF0097C7B2 /* CustomViewBase.swift in Sources */ = {isa = PBXBuildFile; fileRef = DEE53CF51FFBB5AF0097C7B2 /* CustomViewBase.swift */; };
		DEE53CF91FFBBF020097C7B2 /* InitialSetting.swift in Sources */ = {isa = PBXBuildFile; fileRef = DEE53CF81FFBBF020097C7B2 /* InitialSetting.swift */; };
		DEE53CFD1FFD1C750097C7B2 /* Tutorial.storyboard in Resources */ = {isa = PBXBuildFile; fileRef = DEE53CFB1FFD1C750097C7B2 /* Tutorial.storyboard */; };
		DEE53D021FFD1D2D0097C7B2 /* TutorialViewController.swift in Sources */ = {isa = PBXBuildFile; fileRef = DEE53D011FFD1D2D0097C7B2 /* TutorialViewController.swift */; };
		DEE53D041FFD21FF0097C7B2 /* CardIntroductionViewController.swift in Sources */ = {isa = PBXBuildFile; fileRef = DEE53D031FFD21FF0097C7B2 /* CardIntroductionViewController.swift */; };
		DEE53D0A1FFD22630097C7B2 /* InitialSettingViewController.swift in Sources */ = {isa = PBXBuildFile; fileRef = DEE53D091FFD22620097C7B2 /* InitialSettingViewController.swift */; };
/* End PBXBuildFile section */

/* Begin PBXContainerItemProxy section */
		DE671B0E1FDFC75500B752CA /* PBXContainerItemProxy */ = {
			isa = PBXContainerItemProxy;
			containerPortal = DE671AF11FDFC75400B752CA /* Project object */;
			proxyType = 1;
			remoteGlobalIDString = DE671AF81FDFC75400B752CA;
			remoteInfo = ReduxSampleSwift;
		};
		DE671B191FDFC75500B752CA /* PBXContainerItemProxy */ = {
			isa = PBXContainerItemProxy;
			containerPortal = DE671AF11FDFC75400B752CA /* Project object */;
			proxyType = 1;
			remoteGlobalIDString = DE671AF81FDFC75400B752CA;
			remoteInfo = ReduxSampleSwift;
		};
/* End PBXContainerItemProxy section */

/* Begin PBXFileReference section */
		2061DCC7A7CD4CA8AAE40E37 /* Pods-ReduxSampleSwift.debug.xcconfig */ = {isa = PBXFileReference; includeInIndex = 1; lastKnownFileType = text.xcconfig; name = "Pods-ReduxSampleSwift.debug.xcconfig"; path = "Pods/Target Support Files/Pods-ReduxSampleSwift/Pods-ReduxSampleSwift.debug.xcconfig"; sourceTree = "<group>"; };
		4C223812AC95D79EA003A43E /* Pods-ReduxSampleSwift.release.xcconfig */ = {isa = PBXFileReference; includeInIndex = 1; lastKnownFileType = text.xcconfig; name = "Pods-ReduxSampleSwift.release.xcconfig"; path = "Pods/Target Support Files/Pods-ReduxSampleSwift/Pods-ReduxSampleSwift.release.xcconfig"; sourceTree = "<group>"; };
		96CB00677271C596CFB78B93 /* Pods_ReduxSampleSwift.framework */ = {isa = PBXFileReference; explicitFileType = wrapper.framework; includeInIndex = 0; path = Pods_ReduxSampleSwift.framework; sourceTree = BUILT_PRODUCTS_DIR; };
		DE041AD02096758B005271E1 /* SelectFormTableViewCell.swift */ = {isa = PBXFileReference; lastKnownFileType = sourcecode.swift; path = SelectFormTableViewCell.swift; sourceTree = "<group>"; };
		DE041AD12096758B005271E1 /* SelectFormTableViewCell.xib */ = {isa = PBXFileReference; lastKnownFileType = file.xib; path = SelectFormTableViewCell.xib; sourceTree = "<group>"; };
		DE041AD42096E759005271E1 /* NSObjectProtocol.swift */ = {isa = PBXFileReference; lastKnownFileType = sourcecode.swift; path = NSObjectProtocol.swift; sourceTree = "<group>"; };
		DE041AD62096E81F005271E1 /* UITableViewExtension.swift */ = {isa = PBXFileReference; lastKnownFileType = sourcecode.swift; path = UITableViewExtension.swift; sourceTree = "<group>"; };
		DE041AD82096E8C4005271E1 /* UICollectionViewExtension.swift */ = {isa = PBXFileReference; lastKnownFileType = sourcecode.swift; path = UICollectionViewExtension.swift; sourceTree = "<group>"; };
		DE041ADE209DFAF5005271E1 /* AppConstants.swift */ = {isa = PBXFileReference; lastKnownFileType = sourcecode.swift; path = AppConstants.swift; sourceTree = "<group>"; };
		DE09D4081FFFC1E700177D36 /* APIRequestManagerForHotpepper.swift */ = {isa = PBXFileReference; lastKnownFileType = sourcecode.swift; path = APIRequestManagerForHotpepper.swift; sourceTree = "<group>"; };
		DE2685ED20C83B4B00D50BCA /* GourmetShopCollectionViewCell.swift */ = {isa = PBXFileReference; lastKnownFileType = sourcecode.swift; path = GourmetShopCollectionViewCell.swift; sourceTree = "<group>"; };
		DE2685EE20C83B4B00D50BCA /* GourmetShopCollectionViewCell.xib */ = {isa = PBXFileReference; lastKnownFileType = file.xib; path = GourmetShopCollectionViewCell.xib; sourceTree = "<group>"; };
		DE2766A020B27CE30013248E /* TutorialActionCreator.swift */ = {isa = PBXFileReference; lastKnownFileType = sourcecode.swift; path = TutorialActionCreator.swift; sourceTree = "<group>"; };
		DE2766A220B392600013248E /* InitialSettingActionCreator.swift */ = {isa = PBXFileReference; lastKnownFileType = sourcecode.swift; path = InitialSettingActionCreator.swift; sourceTree = "<group>"; };
		DE2766A420B395230013248E /* UserSettingActionCreator.swift */ = {isa = PBXFileReference; lastKnownFileType = sourcecode.swift; path = UserSettingActionCreator.swift; sourceTree = "<group>"; };
		DE2766A920BA71B50013248E /* ActionLoggingMiddleware.swift */ = {isa = PBXFileReference; lastKnownFileType = sourcecode.swift; path = ActionLoggingMiddleware.swift; sourceTree = "<group>"; };
		DE2766AC20BAAEBA0013248E /* MonthlyCalendarViewController.swift */ = {isa = PBXFileReference; lastKnownFileType = sourcecode.swift; path = MonthlyCalendarViewController.swift; sourceTree = "<group>"; };
		DE2766AE20BAAEE30013248E /* PickupMessageViewController.swift */ = {isa = PBXFileReference; lastKnownFileType = sourcecode.swift; path = PickupMessageViewController.swift; sourceTree = "<group>"; };
		DE2766B020BAAF2E0013248E /* GourmetShopViewController.swift */ = {isa = PBXFileReference; lastKnownFileType = sourcecode.swift; path = GourmetShopViewController.swift; sourceTree = "<group>"; };
		DE2766B220BAAF4D0013248E /* EnglishNewsViewController.swift */ = {isa = PBXFileReference; lastKnownFileType = sourcecode.swift; path = EnglishNewsViewController.swift; sourceTree = "<group>"; };
		DE2766B520BAEFB50013248E /* Base */ = {isa = PBXFileReference; lastKnownFileType = file.storyboard; name = Base; path = Base.lproj/DailyMemo.storyboard; sourceTree = "<group>"; };
		DE2766B820BAF0100013248E /* Base */ = {isa = PBXFileReference; lastKnownFileType = file.storyboard; name = Base; path = Base.lproj/UserSetting.storyboard; sourceTree = "<group>"; };
		DE2766BC20BAF24B0013248E /* DailyMemoViewController.swift */ = {isa = PBXFileReference; lastKnownFileType = sourcecode.swift; path = DailyMemoViewController.swift; sourceTree = "<group>"; };
		DE2766C020BAF83F0013248E /* Base */ = {isa = PBXFileReference; lastKnownFileType = file.storyboard; name = Base; path = Base.lproj/MessageDetail.storyboard; sourceTree = "<group>"; };
		DE2766C320BAF9B60013248E /* MessageDetailViewController.swift */ = {isa = PBXFileReference; lastKnownFileType = sourcecode.swift; path = MessageDetailViewController.swift; sourceTree = "<group>"; };
		DE2766C620BAFD470013248E /* Base */ = {isa = PBXFileReference; lastKnownFileType = file.storyboard; name = Base; path = Base.lproj/NewsDetail.storyboard; sourceTree = "<group>"; };
		DE2766C920BAFDC40013248E /* NewsDetailViewController.swift */ = {isa = PBXFileReference; lastKnownFileType = sourcecode.swift; path = NewsDetailViewController.swift; sourceTree = "<group>"; };
		DE4D4148206295D70038CC01 /* UserSettingEntity.swift */ = {isa = PBXFileReference; lastKnownFileType = sourcecode.swift; path = UserSettingEntity.swift; sourceTree = "<group>"; };
		DE5867FC20C3E5C100D1F78D /* CalendarButtonView.swift */ = {isa = PBXFileReference; lastKnownFileType = sourcecode.swift; path = CalendarButtonView.swift; sourceTree = "<group>"; };
		DE58680320C3FB6500D1F78D /* CalendarButtonView.xib */ = {isa = PBXFileReference; lastKnownFileType = file.xib; path = CalendarButtonView.xib; sourceTree = "<group>"; };
		DE58680720C3FCDE00D1F78D /* CalendarButtonModule.swift */ = {isa = PBXFileReference; lastKnownFileType = sourcecode.swift; path = CalendarButtonModule.swift; sourceTree = "<group>"; };
		DE591DF7201370360097974A /* AppReducer.swift */ = {isa = PBXFileReference; lastKnownFileType = sourcecode.swift; path = AppReducer.swift; sourceTree = "<group>"; };
		DE59F77E20CAD1B6005B2BCC /* EnglishNewsTableViewCell.xib */ = {isa = PBXFileReference; fileEncoding = 4; lastKnownFileType = file.xib; path = EnglishNewsTableViewCell.xib; sourceTree = "<group>"; };
		DE59F77F20CAD1B6005B2BCC /* EnglishNewsTableViewCell.swift */ = {isa = PBXFileReference; fileEncoding = 4; lastKnownFileType = sourcecode.swift; path = EnglishNewsTableViewCell.swift; sourceTree = "<group>"; };
		DE6565072094D8B4005745D2 /* Base */ = {isa = PBXFileReference; lastKnownFileType = file.storyboard; name = Base; path = Base.lproj/InitialSetting.storyboard; sourceTree = "<group>"; };
		DE65650A2095C8A8005745D2 /* UserSetting.swift */ = {isa = PBXFileReference; lastKnownFileType = sourcecode.swift; path = UserSetting.swift; sourceTree = "<group>"; };
		DE671AF91FDFC75400B752CA /* ReduxSampleSwift.app */ = {isa = PBXFileReference; explicitFileType = wrapper.application; includeInIndex = 0; path = ReduxSampleSwift.app; sourceTree = BUILT_PRODUCTS_DIR; };
		DE671AFC1FDFC75400B752CA /* AppDelegate.swift */ = {isa = PBXFileReference; lastKnownFileType = sourcecode.swift; path = AppDelegate.swift; sourceTree = "<group>"; };
		DE671AFE1FDFC75400B752CA /* MainViewController.swift */ = {isa = PBXFileReference; lastKnownFileType = sourcecode.swift; path = MainViewController.swift; sourceTree = "<group>"; };
		DE671B011FDFC75400B752CA /* Base */ = {isa = PBXFileReference; lastKnownFileType = file.storyboard; name = Base; path = Base.lproj/Main.storyboard; sourceTree = "<group>"; };
		DE671B031FDFC75400B752CA /* Assets.xcassets */ = {isa = PBXFileReference; lastKnownFileType = folder.assetcatalog; path = Assets.xcassets; sourceTree = "<group>"; };
		DE671B061FDFC75400B752CA /* Base */ = {isa = PBXFileReference; lastKnownFileType = file.storyboard; name = Base; path = Base.lproj/LaunchScreen.storyboard; sourceTree = "<group>"; };
		DE671B081FDFC75400B752CA /* Info.plist */ = {isa = PBXFileReference; lastKnownFileType = text.plist.xml; path = Info.plist; sourceTree = "<group>"; };
		DE671B0D1FDFC75500B752CA /* ReduxSampleSwiftTests.xctest */ = {isa = PBXFileReference; explicitFileType = wrapper.cfbundle; includeInIndex = 0; path = ReduxSampleSwiftTests.xctest; sourceTree = BUILT_PRODUCTS_DIR; };
		DE671B111FDFC75500B752CA /* ReduxSampleSwiftTests.swift */ = {isa = PBXFileReference; lastKnownFileType = sourcecode.swift; path = ReduxSampleSwiftTests.swift; sourceTree = "<group>"; };
		DE671B131FDFC75500B752CA /* Info.plist */ = {isa = PBXFileReference; lastKnownFileType = text.plist.xml; path = Info.plist; sourceTree = "<group>"; };
		DE671B181FDFC75500B752CA /* ReduxSampleSwiftUITests.xctest */ = {isa = PBXFileReference; explicitFileType = wrapper.cfbundle; includeInIndex = 0; path = ReduxSampleSwiftUITests.xctest; sourceTree = BUILT_PRODUCTS_DIR; };
		DE671B1C1FDFC75500B752CA /* ReduxSampleSwiftUITests.swift */ = {isa = PBXFileReference; lastKnownFileType = sourcecode.swift; path = ReduxSampleSwiftUITests.swift; sourceTree = "<group>"; };
		DE671B1E1FDFC75500B752CA /* Info.plist */ = {isa = PBXFileReference; lastKnownFileType = text.plist.xml; path = Info.plist; sourceTree = "<group>"; };
		DE85D2B41FE6AB2C0017C3AF /* AppState.swift */ = {isa = PBXFileReference; lastKnownFileType = sourcecode.swift; path = AppState.swift; sourceTree = "<group>"; };
		DED8E96320C43DC700836CE4 /* PickupMessageFlowLayout.swift */ = {isa = PBXFileReference; lastKnownFileType = sourcecode.swift; path = PickupMessageFlowLayout.swift; sourceTree = "<group>"; };
		DED8E96720C55B0300836CE4 /* PickupMessageCollectionViewCell.swift */ = {isa = PBXFileReference; lastKnownFileType = sourcecode.swift; path = PickupMessageCollectionViewCell.swift; sourceTree = "<group>"; };
		DED8E96820C55B0300836CE4 /* PickupMessageCollectionViewCell.xib */ = {isa = PBXFileReference; lastKnownFileType = file.xib; path = PickupMessageCollectionViewCell.xib; sourceTree = "<group>"; };
		DEDC73F32095F29F00694443 /* UserSettingViewController.swift */ = {isa = PBXFileReference; lastKnownFileType = sourcecode.swift; path = UserSettingViewController.swift; sourceTree = "<group>"; };
		DEDC73F820965AED00694443 /* UserSettingAction.swift */ = {isa = PBXFileReference; lastKnownFileType = sourcecode.swift; path = UserSettingAction.swift; sourceTree = "<group>"; };
		DEDC73FA20965B4600694443 /* UserSettingState.swift */ = {isa = PBXFileReference; lastKnownFileType = sourcecode.swift; path = UserSettingState.swift; sourceTree = "<group>"; };
		DEDC73FC2096651700694443 /* UserSettingReducer.swift */ = {isa = PBXFileReference; lastKnownFileType = sourcecode.swift; path = UserSettingReducer.swift; sourceTree = "<group>"; };
		DEDC73FE209668B400694443 /* SelectedResidentPeriodEnum.swift */ = {isa = PBXFileReference; lastKnownFileType = sourcecode.swift; path = SelectedResidentPeriodEnum.swift; sourceTree = "<group>"; };
		DEDC740020966B1E00694443 /* SelectedAgeEnum.swift */ = {isa = PBXFileReference; lastKnownFileType = sourcecode.swift; path = SelectedAgeEnum.swift; sourceTree = "<group>"; };
		DEE53CDB1FF4E2690097C7B2 /* UIColorExtension.swift */ = {isa = PBXFileReference; lastKnownFileType = sourcecode.swift; path = UIColorExtension.swift; sourceTree = "<group>"; };
		DEE53CDE1FF4E28A0097C7B2 /* UIViewControllerExtension.swift */ = {isa = PBXFileReference; lastKnownFileType = sourcecode.swift; path = UIViewControllerExtension.swift; sourceTree = "<group>"; };
		DEE53CE01FF4E2DE0097C7B2 /* UIImageExtension.swift */ = {isa = PBXFileReference; lastKnownFileType = sourcecode.swift; path = UIImageExtension.swift; sourceTree = "<group>"; };
		DEE53CE41FF4E3C40097C7B2 /* ReuseCellConfigure.swift */ = {isa = PBXFileReference; lastKnownFileType = sourcecode.swift; path = ReuseCellConfigure.swift; sourceTree = "<group>"; };
		DEE53CE71FF4E7530097C7B2 /* Constants.swift */ = {isa = PBXFileReference; lastKnownFileType = sourcecode.swift; path = Constants.swift; sourceTree = "<group>"; };
		DEE53CEB1FF4ED640097C7B2 /* TutorialState.swift */ = {isa = PBXFileReference; lastKnownFileType = sourcecode.swift; path = TutorialState.swift; sourceTree = "<group>"; };
		DEE53CED1FF50E800097C7B2 /* TutorialAction.swift */ = {isa = PBXFileReference; lastKnownFileType = sourcecode.swift; path = TutorialAction.swift; sourceTree = "<group>"; };
		DEE53CEF1FF7921D0097C7B2 /* TutorialReducer.swift */ = {isa = PBXFileReference; lastKnownFileType = sourcecode.swift; path = TutorialReducer.swift; sourceTree = "<group>"; };
		DEE53CF31FFBB4660097C7B2 /* DeviceSize.swift */ = {isa = PBXFileReference; lastKnownFileType = sourcecode.swift; path = DeviceSize.swift; sourceTree = "<group>"; };
		DEE53CF51FFBB5AF0097C7B2 /* CustomViewBase.swift */ = {isa = PBXFileReference; lastKnownFileType = sourcecode.swift; path = CustomViewBase.swift; sourceTree = "<group>"; };
		DEE53CF81FFBBF020097C7B2 /* InitialSetting.swift */ = {isa = PBXFileReference; lastKnownFileType = sourcecode.swift; path = InitialSetting.swift; sourceTree = "<group>"; };
		DEE53CFC1FFD1C750097C7B2 /* Base */ = {isa = PBXFileReference; lastKnownFileType = file.storyboard; name = Base; path = Base.lproj/Tutorial.storyboard; sourceTree = "<group>"; };
		DEE53D011FFD1D2D0097C7B2 /* TutorialViewController.swift */ = {isa = PBXFileReference; lastKnownFileType = sourcecode.swift; path = TutorialViewController.swift; sourceTree = "<group>"; };
		DEE53D031FFD21FF0097C7B2 /* CardIntroductionViewController.swift */ = {isa = PBXFileReference; lastKnownFileType = sourcecode.swift; path = CardIntroductionViewController.swift; sourceTree = "<group>"; };
		DEE53D091FFD22620097C7B2 /* InitialSettingViewController.swift */ = {isa = PBXFileReference; lastKnownFileType = sourcecode.swift; path = InitialSettingViewController.swift; sourceTree = "<group>"; };
/* End PBXFileReference section */

/* Begin PBXFrameworksBuildPhase section */
		DE671AF61FDFC75400B752CA /* Frameworks */ = {
			isa = PBXFrameworksBuildPhase;
			buildActionMask = 2147483647;
			files = (
				16E668A7B7110EEEF2AB86AD /* Pods_ReduxSampleSwift.framework in Frameworks */,
			);
			runOnlyForDeploymentPostprocessing = 0;
		};
		DE671B0A1FDFC75500B752CA /* Frameworks */ = {
			isa = PBXFrameworksBuildPhase;
			buildActionMask = 2147483647;
			files = (
			);
			runOnlyForDeploymentPostprocessing = 0;
		};
		DE671B151FDFC75500B752CA /* Frameworks */ = {
			isa = PBXFrameworksBuildPhase;
			buildActionMask = 2147483647;
			files = (
			);
			runOnlyForDeploymentPostprocessing = 0;
		};
/* End PBXFrameworksBuildPhase section */

/* Begin PBXGroup section */
		4023BD23F5E993B339BE7142 /* Pods */ = {
			isa = PBXGroup;
			children = (
				2061DCC7A7CD4CA8AAE40E37 /* Pods-ReduxSampleSwift.debug.xcconfig */,
				4C223812AC95D79EA003A43E /* Pods-ReduxSampleSwift.release.xcconfig */,
			);
			name = Pods;
			sourceTree = "<group>";
		};
		9F0D87589BFD3BF91220A4C4 /* Frameworks */ = {
			isa = PBXGroup;
			children = (
				96CB00677271C596CFB78B93 /* Pods_ReduxSampleSwift.framework */,
			);
			name = Frameworks;
			sourceTree = "<group>";
		};
		DE041ACF20967548005271E1 /* SelectFormTableViewCell */ = {
			isa = PBXGroup;
			children = (
				DE041AD02096758B005271E1 /* SelectFormTableViewCell.swift */,
				DE041AD12096758B005271E1 /* SelectFormTableViewCell.xib */,
			);
			path = SelectFormTableViewCell;
			sourceTree = "<group>";
		};
		DE09D40A1FFFC47900177D36 /* Enum */ = {
			isa = PBXGroup;
			children = (
				DEDC740020966B1E00694443 /* SelectedAgeEnum.swift */,
				DEDC73FE209668B400694443 /* SelectedResidentPeriodEnum.swift */,
			);
			path = Enum;
			sourceTree = "<group>";
		};
		DE09D40B2001118700177D36 /* Extension */ = {
			isa = PBXGroup;
			children = (
				DE041AD82096E8C4005271E1 /* UICollectionViewExtension.swift */,
				DEE53CDB1FF4E2690097C7B2 /* UIColorExtension.swift */,
				DEE53CE01FF4E2DE0097C7B2 /* UIImageExtension.swift */,
				DE041AD62096E81F005271E1 /* UITableViewExtension.swift */,
				DEE53CDE1FF4E28A0097C7B2 /* UIViewControllerExtension.swift */,
			);
			path = Extension;
			sourceTree = "<group>";
		};
		DE2685EB20C83ADB00D50BCA /* GourmetShopCollectionViewCell */ = {
			isa = PBXGroup;
			children = (
				DE2685ED20C83B4B00D50BCA /* GourmetShopCollectionViewCell.swift */,
				DE2685EE20C83B4B00D50BCA /* GourmetShopCollectionViewCell.xib */,
			);
			path = GourmetShopCollectionViewCell;
			sourceTree = "<group>";
		};
		DE27669F20B279740013248E /* ActionCreator */ = {
			isa = PBXGroup;
			children = (
				DE2766A220B392600013248E /* InitialSettingActionCreator.swift */,
				DE2766A020B27CE30013248E /* TutorialActionCreator.swift */,
				DE2766A420B395230013248E /* UserSettingActionCreator.swift */,
			);
			path = ActionCreator;
			sourceTree = "<group>";
		};
		DE2766A820BA70AE0013248E /* Middleware */ = {
			isa = PBXGroup;
			children = (
				DE2766A920BA71B50013248E /* ActionLoggingMiddleware.swift */,
			);
			path = Middleware;
			sourceTree = "<group>";
		};
		DE2766AB20BA93980013248E /* MainComponents */ = {
			isa = PBXGroup;
			children = (
				DE2766B220BAAF4D0013248E /* EnglishNewsViewController.swift */,
				DE2766B020BAAF2E0013248E /* GourmetShopViewController.swift */,
				DE2766AC20BAAEBA0013248E /* MonthlyCalendarViewController.swift */,
				DE2766AE20BAAEE30013248E /* PickupMessageViewController.swift */,
			);
			path = MainComponents;
			sourceTree = "<group>";
		};
		DE2766BB20BAF1D60013248E /* DailyMemo */ = {
			isa = PBXGroup;
			children = (
				DE2766BC20BAF24B0013248E /* DailyMemoViewController.swift */,
			);
			path = DailyMemo;
			sourceTree = "<group>";
		};
		DE2766C220BAF97B0013248E /* MessageDetail */ = {
			isa = PBXGroup;
			children = (
				DE2766C320BAF9B60013248E /* MessageDetailViewController.swift */,
			);
			path = MessageDetail;
			sourceTree = "<group>";
		};
		DE2766C820BAFD9F0013248E /* NewsDetail */ = {
			isa = PBXGroup;
			children = (
				DE2766C920BAFDC40013248E /* NewsDetailViewController.swift */,
			);
			path = NewsDetail;
			sourceTree = "<group>";
		};
		DE4D414720623FEB0038CC01 /* Protocol */ = {
			isa = PBXGroup;
			children = (
				DE041AD42096E759005271E1 /* NSObjectProtocol.swift */,
			);
			path = Protocol;
			sourceTree = "<group>";
		};
		DE4D414A20629DCF0038CC01 /* Entity */ = {
			isa = PBXGroup;
			children = (
				DE4D4148206295D70038CC01 /* UserSettingEntity.swift */,
			);
			path = Entity;
			sourceTree = "<group>";
		};
		DE5867FE20C3E5F700D1F78D /* CalendarButtonView */ = {
			isa = PBXGroup;
			children = (
				DE5867FC20C3E5C100D1F78D /* CalendarButtonView.swift */,
				DE58680320C3FB6500D1F78D /* CalendarButtonView.xib */,
			);
			path = CalendarButtonView;
			sourceTree = "<group>";
		};
		DE59F77920CAD154005B2BCC /* EnglishNewsTableViewCell */ = {
			isa = PBXGroup;
			children = (
				DE59F77F20CAD1B6005B2BCC /* EnglishNewsTableViewCell.swift */,
				DE59F77E20CAD1B6005B2BCC /* EnglishNewsTableViewCell.xib */,
			);
			path = EnglishNewsTableViewCell;
			sourceTree = "<group>";
		};
		DE6565092094D8CF005745D2 /* InitialSetting */ = {
			isa = PBXGroup;
			children = (
				DEE53D091FFD22620097C7B2 /* InitialSettingViewController.swift */,
			);
			path = InitialSetting;
			sourceTree = "<group>";
		};
		DE671AF01FDFC75400B752CA = {
			isa = PBXGroup;
			children = (
				DE671AFB1FDFC75400B752CA /* ReduxSampleSwift */,
				DE671B101FDFC75500B752CA /* ReduxSampleSwiftTests */,
				DE671B1B1FDFC75500B752CA /* ReduxSampleSwiftUITests */,
				DE671AFA1FDFC75400B752CA /* Products */,
				4023BD23F5E993B339BE7142 /* Pods */,
				9F0D87589BFD3BF91220A4C4 /* Frameworks */,
			);
			sourceTree = "<group>";
		};
		DE671AFA1FDFC75400B752CA /* Products */ = {
			isa = PBXGroup;
			children = (
				DE671AF91FDFC75400B752CA /* ReduxSampleSwift.app */,
				DE671B0D1FDFC75500B752CA /* ReduxSampleSwiftTests.xctest */,
				DE671B181FDFC75500B752CA /* ReduxSampleSwiftUITests.xctest */,
			);
			name = Products;
			sourceTree = "<group>";
		};
		DE671AFB1FDFC75400B752CA /* ReduxSampleSwift */ = {
			isa = PBXGroup;
			children = (
				DE671B081FDFC75400B752CA /* Info.plist */,
				DE671AFC1FDFC75400B752CA /* AppDelegate.swift */,
				DEE53CE71FF4E7530097C7B2 /* Constants.swift */,
				DE671B031FDFC75400B752CA /* Assets.xcassets */,
				DE09D40A1FFFC47900177D36 /* Enum */,
				DE09D40B2001118700177D36 /* Extension */,
				DE85D2B91FE6C3A20017C3AF /* Model */,
				DEE53CDA1FF1DD570097C7B2 /* Module */,
				DE4D414720623FEB0038CC01 /* Protocol */,
				DE85D2B11FE6A81C0017C3AF /* Redux */,
				DE85D2B31FE6A8B80017C3AF /* Storyboard */,
				DEE53CF11FFB84430097C7B2 /* View */,
				DE85D2B21FE6A8320017C3AF /* ViewController */,
			);
			path = ReduxSampleSwift;
			sourceTree = "<group>";
		};
		DE671B101FDFC75500B752CA /* ReduxSampleSwiftTests */ = {
			isa = PBXGroup;
			children = (
				DE671B111FDFC75500B752CA /* ReduxSampleSwiftTests.swift */,
				DE671B131FDFC75500B752CA /* Info.plist */,
			);
			path = ReduxSampleSwiftTests;
			sourceTree = "<group>";
		};
		DE671B1B1FDFC75500B752CA /* ReduxSampleSwiftUITests */ = {
			isa = PBXGroup;
			children = (
				DE671B1C1FDFC75500B752CA /* ReduxSampleSwiftUITests.swift */,
				DE671B1E1FDFC75500B752CA /* Info.plist */,
			);
			path = ReduxSampleSwiftUITests;
			sourceTree = "<group>";
		};
		DE85D2B11FE6A81C0017C3AF /* Redux */ = {
			isa = PBXGroup;
			children = (
				DE2766A820BA70AE0013248E /* Middleware */,
				DE27669F20B279740013248E /* ActionCreator */,
				DEE53CE91FF4EA2A0097C7B2 /* Action */,
				DEE53CEA1FF4EA360097C7B2 /* Reducer */,
				DE85D2B81FE6C37F0017C3AF /* State */,
			);
			path = Redux;
			sourceTree = "<group>";
		};
		DE85D2B21FE6A8320017C3AF /* ViewController */ = {
			isa = PBXGroup;
			children = (
				DE6565092094D8CF005745D2 /* InitialSetting */,
				DEE53CFE1FFD1C850097C7B2 /* Tutorial */,
				DEDC73F72095FECE00694443 /* UserSetting */,
				DEE53CFA1FFBD1910097C7B2 /* Main */,
				DE2766BB20BAF1D60013248E /* DailyMemo */,
				DE2766C220BAF97B0013248E /* MessageDetail */,
				DE2766C820BAFD9F0013248E /* NewsDetail */,
			);
			path = ViewController;
			sourceTree = "<group>";
		};
		DE85D2B31FE6A8B80017C3AF /* Storyboard */ = {
			isa = PBXGroup;
			children = (
				DE671B051FDFC75400B752CA /* LaunchScreen.storyboard */,
				DE6565062094D8B4005745D2 /* InitialSetting.storyboard */,
				DEE53CFB1FFD1C750097C7B2 /* Tutorial.storyboard */,
				DE2766B720BAF0100013248E /* UserSetting.storyboard */,
				DE671B001FDFC75400B752CA /* Main.storyboard */,
				DE2766B420BAEFB50013248E /* DailyMemo.storyboard */,
				DE2766BF20BAF83F0013248E /* MessageDetail.storyboard */,
				DE2766C520BAFD470013248E /* NewsDetail.storyboard */,
			);
			path = Storyboard;
			sourceTree = "<group>";
		};
		DE85D2B81FE6C37F0017C3AF /* State */ = {
			isa = PBXGroup;
			children = (
				DE85D2B41FE6AB2C0017C3AF /* AppState.swift */,
				DEE53CEB1FF4ED640097C7B2 /* TutorialState.swift */,
				DEDC73FA20965B4600694443 /* UserSettingState.swift */,
			);
			path = State;
			sourceTree = "<group>";
		};
		DE85D2B91FE6C3A20017C3AF /* Model */ = {
			isa = PBXGroup;
			children = (
				DE4D414A20629DCF0038CC01 /* Entity */,
				DEE53CF81FFBBF020097C7B2 /* InitialSetting.swift */,
				DE65650A2095C8A8005745D2 /* UserSetting.swift */,
			);
			path = Model;
			sourceTree = "<group>";
		};
		DED8E96220C43D9A00836CE4 /* PickupMessageFlowLayout */ = {
			isa = PBXGroup;
			children = (
				DED8E96320C43DC700836CE4 /* PickupMessageFlowLayout.swift */,
			);
			path = PickupMessageFlowLayout;
			sourceTree = "<group>";
		};
		DED8E96520C55ABE00836CE4 /* PickupMessageCollectionViewCell */ = {
			isa = PBXGroup;
			children = (
				DED8E96720C55B0300836CE4 /* PickupMessageCollectionViewCell.swift */,
				DED8E96820C55B0300836CE4 /* PickupMessageCollectionViewCell.xib */,
			);
			path = PickupMessageCollectionViewCell;
			sourceTree = "<group>";
		};
		DEDC73F72095FECE00694443 /* UserSetting */ = {
			isa = PBXGroup;
			children = (
				DEDC73F32095F29F00694443 /* UserSettingViewController.swift */,
			);
			path = UserSetting;
			sourceTree = "<group>";
		};
		DEE53CDA1FF1DD570097C7B2 /* Module */ = {
			isa = PBXGroup;
			children = (
				DE09D4081FFFC1E700177D36 /* APIRequestManagerForHotpepper.swift */,
				DE041ADE209DFAF5005271E1 /* AppConstants.swift */,
				DEE53CF31FFBB4660097C7B2 /* DeviceSize.swift */,
				DEE53CE41FF4E3C40097C7B2 /* ReuseCellConfigure.swift */,
				DE58680720C3FCDE00D1F78D /* CalendarButtonModule.swift */,
			);
			path = Module;
			sourceTree = "<group>";
		};
		DEE53CE91FF4EA2A0097C7B2 /* Action */ = {
			isa = PBXGroup;
			children = (
				DEE53CED1FF50E800097C7B2 /* TutorialAction.swift */,
				DEDC73F820965AED00694443 /* UserSettingAction.swift */,
			);
			path = Action;
			sourceTree = "<group>";
		};
		DEE53CEA1FF4EA360097C7B2 /* Reducer */ = {
			isa = PBXGroup;
			children = (
				DE591DF7201370360097974A /* AppReducer.swift */,
				DEE53CEF1FF7921D0097C7B2 /* TutorialReducer.swift */,
				DEDC73FC2096651700694443 /* UserSettingReducer.swift */,
			);
			path = Reducer;
			sourceTree = "<group>";
		};
		DEE53CF11FFB84430097C7B2 /* View */ = {
			isa = PBXGroup;
			children = (
				DE59F77920CAD154005B2BCC /* EnglishNewsTableViewCell */,
				DE5867FE20C3E5F700D1F78D /* CalendarButtonView */,
				DEE53CF71FFBB5D50097C7B2 /* CustomViewBase */,
				DE2685EB20C83ADB00D50BCA /* GourmetShopCollectionViewCell */,
				DED8E96520C55ABE00836CE4 /* PickupMessageCollectionViewCell */,
				DED8E96220C43D9A00836CE4 /* PickupMessageFlowLayout */,
				DE041ACF20967548005271E1 /* SelectFormTableViewCell */,
			);
			path = View;
			sourceTree = "<group>";
		};
		DEE53CF71FFBB5D50097C7B2 /* CustomViewBase */ = {
			isa = PBXGroup;
			children = (
				DEE53CF51FFBB5AF0097C7B2 /* CustomViewBase.swift */,
			);
			path = CustomViewBase;
			sourceTree = "<group>";
		};
		DEE53CFA1FFBD1910097C7B2 /* Main */ = {
			isa = PBXGroup;
			children = (
				DE2766AB20BA93980013248E /* MainComponents */,
				DE671AFE1FDFC75400B752CA /* MainViewController.swift */,
			);
			path = Main;
			sourceTree = "<group>";
		};
		DEE53CFE1FFD1C850097C7B2 /* Tutorial */ = {
			isa = PBXGroup;
			children = (
				DEE53D031FFD21FF0097C7B2 /* CardIntroductionViewController.swift */,
				DEE53D011FFD1D2D0097C7B2 /* TutorialViewController.swift */,
			);
			path = Tutorial;
			sourceTree = "<group>";
		};
/* End PBXGroup section */

/* Begin PBXNativeTarget section */
		DE671AF81FDFC75400B752CA /* ReduxSampleSwift */ = {
			isa = PBXNativeTarget;
			buildConfigurationList = DE671B211FDFC75500B752CA /* Build configuration list for PBXNativeTarget "ReduxSampleSwift" */;
			buildPhases = (
				E6D81D7C63A45D0F214C9AFF /* [CP] Check Pods Manifest.lock */,
				DE671AF51FDFC75400B752CA /* Sources */,
				DE671AF61FDFC75400B752CA /* Frameworks */,
				DE671AF71FDFC75400B752CA /* Resources */,
				20CDE663C072D05E3276B9CC /* [CP] Embed Pods Frameworks */,
			);
			buildRules = (
			);
			dependencies = (
			);
			name = ReduxSampleSwift;
			productName = ReduxSampleSwift;
			productReference = DE671AF91FDFC75400B752CA /* ReduxSampleSwift.app */;
			productType = "com.apple.product-type.application";
		};
		DE671B0C1FDFC75500B752CA /* ReduxSampleSwiftTests */ = {
			isa = PBXNativeTarget;
			buildConfigurationList = DE671B241FDFC75500B752CA /* Build configuration list for PBXNativeTarget "ReduxSampleSwiftTests" */;
			buildPhases = (
				DE671B091FDFC75500B752CA /* Sources */,
				DE671B0A1FDFC75500B752CA /* Frameworks */,
				DE671B0B1FDFC75500B752CA /* Resources */,
			);
			buildRules = (
			);
			dependencies = (
				DE671B0F1FDFC75500B752CA /* PBXTargetDependency */,
			);
			name = ReduxSampleSwiftTests;
			productName = ReduxSampleSwiftTests;
			productReference = DE671B0D1FDFC75500B752CA /* ReduxSampleSwiftTests.xctest */;
			productType = "com.apple.product-type.bundle.unit-test";
		};
		DE671B171FDFC75500B752CA /* ReduxSampleSwiftUITests */ = {
			isa = PBXNativeTarget;
			buildConfigurationList = DE671B271FDFC75500B752CA /* Build configuration list for PBXNativeTarget "ReduxSampleSwiftUITests" */;
			buildPhases = (
				DE671B141FDFC75500B752CA /* Sources */,
				DE671B151FDFC75500B752CA /* Frameworks */,
				DE671B161FDFC75500B752CA /* Resources */,
			);
			buildRules = (
			);
			dependencies = (
				DE671B1A1FDFC75500B752CA /* PBXTargetDependency */,
			);
			name = ReduxSampleSwiftUITests;
			productName = ReduxSampleSwiftUITests;
			productReference = DE671B181FDFC75500B752CA /* ReduxSampleSwiftUITests.xctest */;
			productType = "com.apple.product-type.bundle.ui-testing";
		};
/* End PBXNativeTarget section */

/* Begin PBXProject section */
		DE671AF11FDFC75400B752CA /* Project object */ = {
			isa = PBXProject;
			attributes = {
				LastSwiftUpdateCheck = 0910;
				LastUpgradeCheck = 0930;
				ORGANIZATIONNAME = "酒井文也";
				TargetAttributes = {
					DE671AF81FDFC75400B752CA = {
						CreatedOnToolsVersion = 9.1;
						ProvisioningStyle = Automatic;
					};
					DE671B0C1FDFC75500B752CA = {
						CreatedOnToolsVersion = 9.1;
						ProvisioningStyle = Automatic;
						TestTargetID = DE671AF81FDFC75400B752CA;
					};
					DE671B171FDFC75500B752CA = {
						CreatedOnToolsVersion = 9.1;
						ProvisioningStyle = Automatic;
						TestTargetID = DE671AF81FDFC75400B752CA;
					};
				};
			};
			buildConfigurationList = DE671AF41FDFC75400B752CA /* Build configuration list for PBXProject "ReduxSampleSwift" */;
			compatibilityVersion = "Xcode 8.0";
			developmentRegion = en;
			hasScannedForEncodings = 0;
			knownRegions = (
				en,
				Base,
			);
			mainGroup = DE671AF01FDFC75400B752CA;
			productRefGroup = DE671AFA1FDFC75400B752CA /* Products */;
			projectDirPath = "";
			projectRoot = "";
			targets = (
				DE671AF81FDFC75400B752CA /* ReduxSampleSwift */,
				DE671B0C1FDFC75500B752CA /* ReduxSampleSwiftTests */,
				DE671B171FDFC75500B752CA /* ReduxSampleSwiftUITests */,
			);
		};
/* End PBXProject section */

/* Begin PBXResourcesBuildPhase section */
		DE671AF71FDFC75400B752CA /* Resources */ = {
			isa = PBXResourcesBuildPhase;
			buildActionMask = 2147483647;
			files = (
				DE59F78020CAD1B6005B2BCC /* EnglishNewsTableViewCell.xib in Resources */,
				DED8E96A20C55B0300836CE4 /* PickupMessageCollectionViewCell.xib in Resources */,
				DE041AD32096758B005271E1 /* SelectFormTableViewCell.xib in Resources */,
				DE2766B920BAF0100013248E /* UserSetting.storyboard in Resources */,
				DE671B071FDFC75400B752CA /* LaunchScreen.storyboard in Resources */,
				DE2766C120BAF83F0013248E /* MessageDetail.storyboard in Resources */,
				DE671B041FDFC75400B752CA /* Assets.xcassets in Resources */,
				DEE53CFD1FFD1C750097C7B2 /* Tutorial.storyboard in Resources */,
				DE2766C720BAFD470013248E /* NewsDetail.storyboard in Resources */,
				DE58680420C3FB6500D1F78D /* CalendarButtonView.xib in Resources */,
				DE2766B620BAEFB50013248E /* DailyMemo.storyboard in Resources */,
				DE671B021FDFC75400B752CA /* Main.storyboard in Resources */,
				DE2685F020C83B4B00D50BCA /* GourmetShopCollectionViewCell.xib in Resources */,
				DE6565082094D8B4005745D2 /* InitialSetting.storyboard in Resources */,
			);
			runOnlyForDeploymentPostprocessing = 0;
		};
		DE671B0B1FDFC75500B752CA /* Resources */ = {
			isa = PBXResourcesBuildPhase;
			buildActionMask = 2147483647;
			files = (
			);
			runOnlyForDeploymentPostprocessing = 0;
		};
		DE671B161FDFC75500B752CA /* Resources */ = {
			isa = PBXResourcesBuildPhase;
			buildActionMask = 2147483647;
			files = (
			);
			runOnlyForDeploymentPostprocessing = 0;
		};
/* End PBXResourcesBuildPhase section */

/* Begin PBXShellScriptBuildPhase section */
		20CDE663C072D05E3276B9CC /* [CP] Embed Pods Frameworks */ = {
			isa = PBXShellScriptBuildPhase;
			buildActionMask = 2147483647;
			files = (
			);
			inputPaths = (
				"${SRCROOT}/Pods/Target Support Files/Pods-ReduxSampleSwift/Pods-ReduxSampleSwift-frameworks.sh",
				"${BUILT_PRODUCTS_DIR}/Alamofire/Alamofire.framework",
				"${BUILT_PRODUCTS_DIR}/AlamofireImage/AlamofireImage.framework",
				"${BUILT_PRODUCTS_DIR}/CalculateCalendarLogic/CalculateCalendarLogic.framework",
				"${BUILT_PRODUCTS_DIR}/FontAwesome.swift/FontAwesome_swift.framework",
				"${BUILT_PRODUCTS_DIR}/Hero/Hero.framework",
				"${BUILT_PRODUCTS_DIR}/KYNavigationProgress/KYNavigationProgress.framework",
				"${BUILT_PRODUCTS_DIR}/PromiseKit/PromiseKit.framework",
				"${BUILT_PRODUCTS_DIR}/ReSwift/ReSwift.framework",
				"${BUILT_PRODUCTS_DIR}/Realm/Realm.framework",
				"${BUILT_PRODUCTS_DIR}/RealmSwift/RealmSwift.framework",
				"${BUILT_PRODUCTS_DIR}/SVProgressHUD/SVProgressHUD.framework",
				"${BUILT_PRODUCTS_DIR}/SwiftyJSON/SwiftyJSON.framework",
			);
			name = "[CP] Embed Pods Frameworks";
			outputPaths = (
				"${TARGET_BUILD_DIR}/${FRAMEWORKS_FOLDER_PATH}/Alamofire.framework",
				"${TARGET_BUILD_DIR}/${FRAMEWORKS_FOLDER_PATH}/AlamofireImage.framework",
				"${TARGET_BUILD_DIR}/${FRAMEWORKS_FOLDER_PATH}/CalculateCalendarLogic.framework",
				"${TARGET_BUILD_DIR}/${FRAMEWORKS_FOLDER_PATH}/FontAwesome_swift.framework",
				"${TARGET_BUILD_DIR}/${FRAMEWORKS_FOLDER_PATH}/Hero.framework",
				"${TARGET_BUILD_DIR}/${FRAMEWORKS_FOLDER_PATH}/KYNavigationProgress.framework",
				"${TARGET_BUILD_DIR}/${FRAMEWORKS_FOLDER_PATH}/PromiseKit.framework",
				"${TARGET_BUILD_DIR}/${FRAMEWORKS_FOLDER_PATH}/ReSwift.framework",
				"${TARGET_BUILD_DIR}/${FRAMEWORKS_FOLDER_PATH}/Realm.framework",
				"${TARGET_BUILD_DIR}/${FRAMEWORKS_FOLDER_PATH}/RealmSwift.framework",
				"${TARGET_BUILD_DIR}/${FRAMEWORKS_FOLDER_PATH}/SVProgressHUD.framework",
				"${TARGET_BUILD_DIR}/${FRAMEWORKS_FOLDER_PATH}/SwiftyJSON.framework",
			);
			runOnlyForDeploymentPostprocessing = 0;
			shellPath = /bin/sh;
			shellScript = "\"${SRCROOT}/Pods/Target Support Files/Pods-ReduxSampleSwift/Pods-ReduxSampleSwift-frameworks.sh\"\n";
			showEnvVarsInLog = 0;
		};
		E6D81D7C63A45D0F214C9AFF /* [CP] Check Pods Manifest.lock */ = {
			isa = PBXShellScriptBuildPhase;
			buildActionMask = 2147483647;
			files = (
			);
			inputPaths = (
				"${PODS_PODFILE_DIR_PATH}/Podfile.lock",
				"${PODS_ROOT}/Manifest.lock",
			);
			name = "[CP] Check Pods Manifest.lock";
			outputPaths = (
				"$(DERIVED_FILE_DIR)/Pods-ReduxSampleSwift-checkManifestLockResult.txt",
			);
			runOnlyForDeploymentPostprocessing = 0;
			shellPath = /bin/sh;
			shellScript = "diff \"${PODS_PODFILE_DIR_PATH}/Podfile.lock\" \"${PODS_ROOT}/Manifest.lock\" > /dev/null\nif [ $? != 0 ] ; then\n    # print error to STDERR\n    echo \"error: The sandbox is not in sync with the Podfile.lock. Run 'pod install' or update your CocoaPods installation.\" >&2\n    exit 1\nfi\n# This output is used by Xcode 'outputs' to avoid re-running this script phase.\necho \"SUCCESS\" > \"${SCRIPT_OUTPUT_FILE_0}\"\n";
			showEnvVarsInLog = 0;
		};
/* End PBXShellScriptBuildPhase section */

/* Begin PBXSourcesBuildPhase section */
		DE671AF51FDFC75400B752CA /* Sources */ = {
			isa = PBXSourcesBuildPhase;
			buildActionMask = 2147483647;
			files = (
				DEE53CE51FF4E3C40097C7B2 /* ReuseCellConfigure.swift in Sources */,
				DE85D2B51FE6AB2C0017C3AF /* AppState.swift in Sources */,
				DE2685EF20C83B4B00D50BCA /* GourmetShopCollectionViewCell.swift in Sources */,
				DE2766A320B392610013248E /* InitialSettingActionCreator.swift in Sources */,
				DEE53CF41FFBB4660097C7B2 /* DeviceSize.swift in Sources */,
				DE2766AA20BA71B50013248E /* ActionLoggingMiddleware.swift in Sources */,
				DE65650B2095C8A8005745D2 /* UserSetting.swift in Sources */,
				DE2766B120BAAF2E0013248E /* GourmetShopViewController.swift in Sources */,
				DED8E96920C55B0300836CE4 /* PickupMessageCollectionViewCell.swift in Sources */,
				DE2766A120B27CE30013248E /* TutorialActionCreator.swift in Sources */,
				DE58680820C3FCDE00D1F78D /* CalendarButtonModule.swift in Sources */,
				DE2766B320BAAF4D0013248E /* EnglishNewsViewController.swift in Sources */,
				DEDC73F42095F29F00694443 /* UserSettingViewController.swift in Sources */,
				DEDC73FD2096651700694443 /* UserSettingReducer.swift in Sources */,
				DE2766C420BAF9B60013248E /* MessageDetailViewController.swift in Sources */,
				DEE53CE11FF4E2DE0097C7B2 /* UIImageExtension.swift in Sources */,
				DE041AD22096758B005271E1 /* SelectFormTableViewCell.swift in Sources */,
				DE041AD52096E759005271E1 /* NSObjectProtocol.swift in Sources */,
				DEDC73F920965AED00694443 /* UserSettingAction.swift in Sources */,
				DEDC73FB20965B4600694443 /* UserSettingState.swift in Sources */,
				DE2766AD20BAAEBB0013248E /* MonthlyCalendarViewController.swift in Sources */,
				DE041ADF209DFAF5005271E1 /* AppConstants.swift in Sources */,
				DEE53CF01FF7921D0097C7B2 /* TutorialReducer.swift in Sources */,
				DEE53CDF1FF4E28A0097C7B2 /* UIViewControllerExtension.swift in Sources */,
				DE2766A520B395240013248E /* UserSettingActionCreator.swift in Sources */,
				DEE53CF61FFBB5AF0097C7B2 /* CustomViewBase.swift in Sources */,
				DEE53D021FFD1D2D0097C7B2 /* TutorialViewController.swift in Sources */,
				DE5867FD20C3E5C100D1F78D /* CalendarButtonView.swift in Sources */,
				DEE53CF91FFBBF020097C7B2 /* InitialSetting.swift in Sources */,
				DEE53D0A1FFD22630097C7B2 /* InitialSettingViewController.swift in Sources */,
				DEE53D041FFD21FF0097C7B2 /* CardIntroductionViewController.swift in Sources */,
				DE2766CA20BAFDC40013248E /* NewsDetailViewController.swift in Sources */,
				DE09D4091FFFC1E700177D36 /* APIRequestManagerForHotpepper.swift in Sources */,
				DEE53CEC1FF4ED640097C7B2 /* TutorialState.swift in Sources */,
				DEDC73FF209668B400694443 /* SelectedResidentPeriodEnum.swift in Sources */,
				DE041AD72096E81F005271E1 /* UITableViewExtension.swift in Sources */,
				DE4D4149206295D70038CC01 /* UserSettingEntity.swift in Sources */,
				DEE53CEE1FF50E800097C7B2 /* TutorialAction.swift in Sources */,
				DEDC740120966B1E00694443 /* SelectedAgeEnum.swift in Sources */,
				DED8E96420C43DC700836CE4 /* PickupMessageFlowLayout.swift in Sources */,
				DE041AD92096E8C4005271E1 /* UICollectionViewExtension.swift in Sources */,
				DE2766BD20BAF24B0013248E /* DailyMemoViewController.swift in Sources */,
				DE2766AF20BAAEE30013248E /* PickupMessageViewController.swift in Sources */,
				DE59F78120CAD1B6005B2BCC /* EnglishNewsTableViewCell.swift in Sources */,
				DEE53CDC1FF4E2690097C7B2 /* UIColorExtension.swift in Sources */,
				DE671AFF1FDFC75400B752CA /* MainViewController.swift in Sources */,
				DE591DF8201370360097974A /* AppReducer.swift in Sources */,
				DE671AFD1FDFC75400B752CA /* AppDelegate.swift in Sources */,
				DEE53CE81FF4E7530097C7B2 /* Constants.swift in Sources */,
			);
			runOnlyForDeploymentPostprocessing = 0;
		};
		DE671B091FDFC75500B752CA /* Sources */ = {
			isa = PBXSourcesBuildPhase;
			buildActionMask = 2147483647;
			files = (
				DE671B121FDFC75500B752CA /* ReduxSampleSwiftTests.swift in Sources */,
			);
			runOnlyForDeploymentPostprocessing = 0;
		};
		DE671B141FDFC75500B752CA /* Sources */ = {
			isa = PBXSourcesBuildPhase;
			buildActionMask = 2147483647;
			files = (
				DE671B1D1FDFC75500B752CA /* ReduxSampleSwiftUITests.swift in Sources */,
			);
			runOnlyForDeploymentPostprocessing = 0;
		};
/* End PBXSourcesBuildPhase section */

/* Begin PBXTargetDependency section */
		DE671B0F1FDFC75500B752CA /* PBXTargetDependency */ = {
			isa = PBXTargetDependency;
			target = DE671AF81FDFC75400B752CA /* ReduxSampleSwift */;
			targetProxy = DE671B0E1FDFC75500B752CA /* PBXContainerItemProxy */;
		};
		DE671B1A1FDFC75500B752CA /* PBXTargetDependency */ = {
			isa = PBXTargetDependency;
			target = DE671AF81FDFC75400B752CA /* ReduxSampleSwift */;
			targetProxy = DE671B191FDFC75500B752CA /* PBXContainerItemProxy */;
		};
/* End PBXTargetDependency section */

/* Begin PBXVariantGroup section */
		DE2766B420BAEFB50013248E /* DailyMemo.storyboard */ = {
			isa = PBXVariantGroup;
			children = (
				DE2766B520BAEFB50013248E /* Base */,
			);
			name = DailyMemo.storyboard;
			sourceTree = "<group>";
		};
		DE2766B720BAF0100013248E /* UserSetting.storyboard */ = {
			isa = PBXVariantGroup;
			children = (
				DE2766B820BAF0100013248E /* Base */,
			);
			name = UserSetting.storyboard;
			sourceTree = "<group>";
		};
		DE2766BF20BAF83F0013248E /* MessageDetail.storyboard */ = {
			isa = PBXVariantGroup;
			children = (
				DE2766C020BAF83F0013248E /* Base */,
			);
			name = MessageDetail.storyboard;
			sourceTree = "<group>";
		};
		DE2766C520BAFD470013248E /* NewsDetail.storyboard */ = {
			isa = PBXVariantGroup;
			children = (
				DE2766C620BAFD470013248E /* Base */,
			);
			name = NewsDetail.storyboard;
			sourceTree = "<group>";
		};
		DE6565062094D8B4005745D2 /* InitialSetting.storyboard */ = {
			isa = PBXVariantGroup;
			children = (
				DE6565072094D8B4005745D2 /* Base */,
			);
			name = InitialSetting.storyboard;
			sourceTree = "<group>";
		};
		DE671B001FDFC75400B752CA /* Main.storyboard */ = {
			isa = PBXVariantGroup;
			children = (
				DE671B011FDFC75400B752CA /* Base */,
			);
			name = Main.storyboard;
			sourceTree = "<group>";
		};
		DE671B051FDFC75400B752CA /* LaunchScreen.storyboard */ = {
			isa = PBXVariantGroup;
			children = (
				DE671B061FDFC75400B752CA /* Base */,
			);
			name = LaunchScreen.storyboard;
			sourceTree = "<group>";
		};
		DEE53CFB1FFD1C750097C7B2 /* Tutorial.storyboard */ = {
			isa = PBXVariantGroup;
			children = (
				DEE53CFC1FFD1C750097C7B2 /* Base */,
			);
			name = Tutorial.storyboard;
			sourceTree = "<group>";
		};
/* End PBXVariantGroup section */

/* Begin XCBuildConfiguration section */
		DE671B1F1FDFC75500B752CA /* Debug */ = {
			isa = XCBuildConfiguration;
			buildSettings = {
				ALWAYS_SEARCH_USER_PATHS = NO;
				CLANG_ANALYZER_NONNULL = YES;
				CLANG_ANALYZER_NUMBER_OBJECT_CONVERSION = YES_AGGRESSIVE;
				CLANG_CXX_LANGUAGE_STANDARD = "gnu++14";
				CLANG_CXX_LIBRARY = "libc++";
				CLANG_ENABLE_MODULES = YES;
				CLANG_ENABLE_OBJC_ARC = YES;
				CLANG_WARN_BLOCK_CAPTURE_AUTORELEASING = YES;
				CLANG_WARN_BOOL_CONVERSION = YES;
				CLANG_WARN_COMMA = YES;
				CLANG_WARN_CONSTANT_CONVERSION = YES;
				CLANG_WARN_DEPRECATED_OBJC_IMPLEMENTATIONS = YES;
				CLANG_WARN_DIRECT_OBJC_ISA_USAGE = YES_ERROR;
				CLANG_WARN_DOCUMENTATION_COMMENTS = YES;
				CLANG_WARN_EMPTY_BODY = YES;
				CLANG_WARN_ENUM_CONVERSION = YES;
				CLANG_WARN_INFINITE_RECURSION = YES;
				CLANG_WARN_INT_CONVERSION = YES;
				CLANG_WARN_NON_LITERAL_NULL_CONVERSION = YES;
				CLANG_WARN_OBJC_IMPLICIT_RETAIN_SELF = YES;
				CLANG_WARN_OBJC_LITERAL_CONVERSION = YES;
				CLANG_WARN_OBJC_ROOT_CLASS = YES_ERROR;
				CLANG_WARN_RANGE_LOOP_ANALYSIS = YES;
				CLANG_WARN_STRICT_PROTOTYPES = YES;
				CLANG_WARN_SUSPICIOUS_MOVE = YES;
				CLANG_WARN_UNGUARDED_AVAILABILITY = YES_AGGRESSIVE;
				CLANG_WARN_UNREACHABLE_CODE = YES;
				CLANG_WARN__DUPLICATE_METHOD_MATCH = YES;
				CODE_SIGN_IDENTITY = "iPhone Developer";
				COPY_PHASE_STRIP = NO;
				DEBUG_INFORMATION_FORMAT = dwarf;
				ENABLE_STRICT_OBJC_MSGSEND = YES;
				ENABLE_TESTABILITY = YES;
				GCC_C_LANGUAGE_STANDARD = gnu11;
				GCC_DYNAMIC_NO_PIC = NO;
				GCC_NO_COMMON_BLOCKS = YES;
				GCC_OPTIMIZATION_LEVEL = 0;
				GCC_PREPROCESSOR_DEFINITIONS = (
					"DEBUG=1",
					"$(inherited)",
				);
				GCC_WARN_64_TO_32_BIT_CONVERSION = YES;
				GCC_WARN_ABOUT_RETURN_TYPE = YES_ERROR;
				GCC_WARN_UNDECLARED_SELECTOR = YES;
				GCC_WARN_UNINITIALIZED_AUTOS = YES_AGGRESSIVE;
				GCC_WARN_UNUSED_FUNCTION = YES;
				GCC_WARN_UNUSED_VARIABLE = YES;
				IPHONEOS_DEPLOYMENT_TARGET = 11.1;
				MTL_ENABLE_DEBUG_INFO = YES;
				ONLY_ACTIVE_ARCH = YES;
				SDKROOT = iphoneos;
				SWIFT_ACTIVE_COMPILATION_CONDITIONS = DEBUG;
				SWIFT_OPTIMIZATION_LEVEL = "-Onone";
			};
			name = Debug;
		};
		DE671B201FDFC75500B752CA /* Release */ = {
			isa = XCBuildConfiguration;
			buildSettings = {
				ALWAYS_SEARCH_USER_PATHS = NO;
				CLANG_ANALYZER_NONNULL = YES;
				CLANG_ANALYZER_NUMBER_OBJECT_CONVERSION = YES_AGGRESSIVE;
				CLANG_CXX_LANGUAGE_STANDARD = "gnu++14";
				CLANG_CXX_LIBRARY = "libc++";
				CLANG_ENABLE_MODULES = YES;
				CLANG_ENABLE_OBJC_ARC = YES;
				CLANG_WARN_BLOCK_CAPTURE_AUTORELEASING = YES;
				CLANG_WARN_BOOL_CONVERSION = YES;
				CLANG_WARN_COMMA = YES;
				CLANG_WARN_CONSTANT_CONVERSION = YES;
				CLANG_WARN_DEPRECATED_OBJC_IMPLEMENTATIONS = YES;
				CLANG_WARN_DIRECT_OBJC_ISA_USAGE = YES_ERROR;
				CLANG_WARN_DOCUMENTATION_COMMENTS = YES;
				CLANG_WARN_EMPTY_BODY = YES;
				CLANG_WARN_ENUM_CONVERSION = YES;
				CLANG_WARN_INFINITE_RECURSION = YES;
				CLANG_WARN_INT_CONVERSION = YES;
				CLANG_WARN_NON_LITERAL_NULL_CONVERSION = YES;
				CLANG_WARN_OBJC_IMPLICIT_RETAIN_SELF = YES;
				CLANG_WARN_OBJC_LITERAL_CONVERSION = YES;
				CLANG_WARN_OBJC_ROOT_CLASS = YES_ERROR;
				CLANG_WARN_RANGE_LOOP_ANALYSIS = YES;
				CLANG_WARN_STRICT_PROTOTYPES = YES;
				CLANG_WARN_SUSPICIOUS_MOVE = YES;
				CLANG_WARN_UNGUARDED_AVAILABILITY = YES_AGGRESSIVE;
				CLANG_WARN_UNREACHABLE_CODE = YES;
				CLANG_WARN__DUPLICATE_METHOD_MATCH = YES;
				CODE_SIGN_IDENTITY = "iPhone Developer";
				COPY_PHASE_STRIP = NO;
				DEBUG_INFORMATION_FORMAT = "dwarf-with-dsym";
				ENABLE_NS_ASSERTIONS = NO;
				ENABLE_STRICT_OBJC_MSGSEND = YES;
				GCC_C_LANGUAGE_STANDARD = gnu11;
				GCC_NO_COMMON_BLOCKS = YES;
				GCC_WARN_64_TO_32_BIT_CONVERSION = YES;
				GCC_WARN_ABOUT_RETURN_TYPE = YES_ERROR;
				GCC_WARN_UNDECLARED_SELECTOR = YES;
				GCC_WARN_UNINITIALIZED_AUTOS = YES_AGGRESSIVE;
				GCC_WARN_UNUSED_FUNCTION = YES;
				GCC_WARN_UNUSED_VARIABLE = YES;
				IPHONEOS_DEPLOYMENT_TARGET = 11.1;
				MTL_ENABLE_DEBUG_INFO = NO;
				SDKROOT = iphoneos;
				SWIFT_OPTIMIZATION_LEVEL = "-Owholemodule";
				VALIDATE_PRODUCT = YES;
			};
			name = Release;
		};
		DE671B221FDFC75500B752CA /* Debug */ = {
			isa = XCBuildConfiguration;
			baseConfigurationReference = 2061DCC7A7CD4CA8AAE40E37 /* Pods-ReduxSampleSwift.debug.xcconfig */;
			buildSettings = {
				ASSETCATALOG_COMPILER_APPICON_NAME = AppIcon;
				CODE_SIGN_STYLE = Automatic;
				DEVELOPMENT_TEAM = S5BF5553KY;
				INFOPLIST_FILE = ReduxSampleSwift/Info.plist;
				LD_RUNPATH_SEARCH_PATHS = "$(inherited) @executable_path/Frameworks";
				PRODUCT_BUNDLE_IDENTIFIER = com.just1factory.ReduxSampleSwift;
				PRODUCT_NAME = "$(TARGET_NAME)";
				SWIFT_VERSION = 4.0;
				TARGETED_DEVICE_FAMILY = "1,2";
			};
			name = Debug;
		};
		DE671B231FDFC75500B752CA /* Release */ = {
			isa = XCBuildConfiguration;
			baseConfigurationReference = 4C223812AC95D79EA003A43E /* Pods-ReduxSampleSwift.release.xcconfig */;
			buildSettings = {
				ASSETCATALOG_COMPILER_APPICON_NAME = AppIcon;
				CODE_SIGN_STYLE = Automatic;
				DEVELOPMENT_TEAM = S5BF5553KY;
				INFOPLIST_FILE = ReduxSampleSwift/Info.plist;
				LD_RUNPATH_SEARCH_PATHS = "$(inherited) @executable_path/Frameworks";
				PRODUCT_BUNDLE_IDENTIFIER = com.just1factory.ReduxSampleSwift;
				PRODUCT_NAME = "$(TARGET_NAME)";
				SWIFT_VERSION = 4.0;
				TARGETED_DEVICE_FAMILY = "1,2";
			};
			name = Release;
		};
		DE671B251FDFC75500B752CA /* Debug */ = {
			isa = XCBuildConfiguration;
			buildSettings = {
				ALWAYS_EMBED_SWIFT_STANDARD_LIBRARIES = YES;
				BUNDLE_LOADER = "$(TEST_HOST)";
				CODE_SIGN_STYLE = Automatic;
				DEVELOPMENT_TEAM = S5BF5553KY;
				INFOPLIST_FILE = ReduxSampleSwiftTests/Info.plist;
				LD_RUNPATH_SEARCH_PATHS = "$(inherited) @executable_path/Frameworks @loader_path/Frameworks";
				PRODUCT_BUNDLE_IDENTIFIER = com.just1factory.ReduxSampleSwiftTests;
				PRODUCT_NAME = "$(TARGET_NAME)";
				SWIFT_VERSION = 4.0;
				TARGETED_DEVICE_FAMILY = "1,2";
				TEST_HOST = "$(BUILT_PRODUCTS_DIR)/ReduxSampleSwift.app/ReduxSampleSwift";
			};
			name = Debug;
		};
		DE671B261FDFC75500B752CA /* Release */ = {
			isa = XCBuildConfiguration;
			buildSettings = {
				ALWAYS_EMBED_SWIFT_STANDARD_LIBRARIES = YES;
				BUNDLE_LOADER = "$(TEST_HOST)";
				CODE_SIGN_STYLE = Automatic;
				DEVELOPMENT_TEAM = S5BF5553KY;
				INFOPLIST_FILE = ReduxSampleSwiftTests/Info.plist;
				LD_RUNPATH_SEARCH_PATHS = "$(inherited) @executable_path/Frameworks @loader_path/Frameworks";
				PRODUCT_BUNDLE_IDENTIFIER = com.just1factory.ReduxSampleSwiftTests;
				PRODUCT_NAME = "$(TARGET_NAME)";
				SWIFT_VERSION = 4.0;
				TARGETED_DEVICE_FAMILY = "1,2";
				TEST_HOST = "$(BUILT_PRODUCTS_DIR)/ReduxSampleSwift.app/ReduxSampleSwift";
			};
			name = Release;
		};
		DE671B281FDFC75500B752CA /* Debug */ = {
			isa = XCBuildConfiguration;
			buildSettings = {
				ALWAYS_EMBED_SWIFT_STANDARD_LIBRARIES = YES;
				CODE_SIGN_STYLE = Automatic;
				DEVELOPMENT_TEAM = S5BF5553KY;
				INFOPLIST_FILE = ReduxSampleSwiftUITests/Info.plist;
				LD_RUNPATH_SEARCH_PATHS = "$(inherited) @executable_path/Frameworks @loader_path/Frameworks";
				PRODUCT_BUNDLE_IDENTIFIER = com.just1factory.ReduxSampleSwiftUITests;
				PRODUCT_NAME = "$(TARGET_NAME)";
				SWIFT_VERSION = 4.0;
				TARGETED_DEVICE_FAMILY = "1,2";
				TEST_TARGET_NAME = ReduxSampleSwift;
			};
			name = Debug;
		};
		DE671B291FDFC75500B752CA /* Release */ = {
			isa = XCBuildConfiguration;
			buildSettings = {
				ALWAYS_EMBED_SWIFT_STANDARD_LIBRARIES = YES;
				CODE_SIGN_STYLE = Automatic;
				DEVELOPMENT_TEAM = S5BF5553KY;
				INFOPLIST_FILE = ReduxSampleSwiftUITests/Info.plist;
				LD_RUNPATH_SEARCH_PATHS = "$(inherited) @executable_path/Frameworks @loader_path/Frameworks";
				PRODUCT_BUNDLE_IDENTIFIER = com.just1factory.ReduxSampleSwiftUITests;
				PRODUCT_NAME = "$(TARGET_NAME)";
				SWIFT_VERSION = 4.0;
				TARGETED_DEVICE_FAMILY = "1,2";
				TEST_TARGET_NAME = ReduxSampleSwift;
			};
			name = Release;
		};
/* End XCBuildConfiguration section */

/* Begin XCConfigurationList section */
		DE671AF41FDFC75400B752CA /* Build configuration list for PBXProject "ReduxSampleSwift" */ = {
			isa = XCConfigurationList;
			buildConfigurations = (
				DE671B1F1FDFC75500B752CA /* Debug */,
				DE671B201FDFC75500B752CA /* Release */,
			);
			defaultConfigurationIsVisible = 0;
			defaultConfigurationName = Release;
		};
		DE671B211FDFC75500B752CA /* Build configuration list for PBXNativeTarget "ReduxSampleSwift" */ = {
			isa = XCConfigurationList;
			buildConfigurations = (
				DE671B221FDFC75500B752CA /* Debug */,
				DE671B231FDFC75500B752CA /* Release */,
			);
			defaultConfigurationIsVisible = 0;
			defaultConfigurationName = Release;
		};
		DE671B241FDFC75500B752CA /* Build configuration list for PBXNativeTarget "ReduxSampleSwiftTests" */ = {
			isa = XCConfigurationList;
			buildConfigurations = (
				DE671B251FDFC75500B752CA /* Debug */,
				DE671B261FDFC75500B752CA /* Release */,
			);
			defaultConfigurationIsVisible = 0;
			defaultConfigurationName = Release;
		};
		DE671B271FDFC75500B752CA /* Build configuration list for PBXNativeTarget "ReduxSampleSwiftUITests" */ = {
			isa = XCConfigurationList;
			buildConfigurations = (
				DE671B281FDFC75500B752CA /* Debug */,
				DE671B291FDFC75500B752CA /* Release */,
			);
			defaultConfigurationIsVisible = 0;
			defaultConfigurationName = Release;
		};
/* End XCConfigurationList section */
	};
	rootObject = DE671AF11FDFC75400B752CA /* Project object */;
}
