PODS:
  - Alamofire (4.6.0)
  - AlamofireImage (3.3.0):
    - Alamofire (~> 4.5)
  - DOFavoriteButton (0.0.4)
  - FontAwesome.swift (1.2.0)
  - Hero (1.0.1)
  - IGListKit (3.1.1):
    - IGListKit/Default (= 3.1.1)
  - IGListKit/Default (3.1.1):
    - IGListKit/Diffing
  - IGListKit/Diffing (3.1.1)
  - KYNavigationProgress (2.0.2)
  - PromiseKit (4.5.0):
    - PromiseKit/Foundation (= 4.5.0)
    - PromiseKit/QuartzCore (= 4.5.0)
    - PromiseKit/UIKit (= 4.5.0)
  - PromiseKit/CorePromise (4.5.0)
  - PromiseKit/Foundation (4.5.0):
    - PromiseKit/CorePromise
  - PromiseKit/QuartzCore (4.5.0):
    - PromiseKit/CorePromise
  - PromiseKit/UIKit (4.5.0):
    - PromiseKit/CorePromise
  - Realm (3.0.2):
    - Realm/Headers (= 3.0.2)
  - Realm/Headers (3.0.2)
  - RealmSwift (3.0.2):
    - Realm (= 3.0.2)
  - ReSwift (4.0.0)
  - SkeletonView (1.0.4)
  - SVProgressHUD (2.2.2)
  - SwiftyJSON (4.0.0)
  - ViewAnimator (1.0.2)

DEPENDENCIES:
  - Alamofire
  - AlamofireImage
  - DOFavoriteButton (from `https://github.com/fumiyasac/DOFavoriteButton`, branch `master`)
  - FontAwesome.swift (from `https://github.com/thii/FontAwesome.swift`, branch `swift-4.0`)
  - Hero
  - IGListKit (~> 3.0)
  - KYNavigationProgress
  - PromiseKit
  - RealmSwift
  - ReSwift
  - SkeletonView
  - SVProgressHUD (from `https://github.com/SVProgressHUD/SVProgressHUD.git`)
  - SwiftyJSON
  - ViewAnimator

EXTERNAL SOURCES:
  DOFavoriteButton:
    :branch: master
    :git: https://github.com/fumiyasac/DOFavoriteButton
  FontAwesome.swift:
    :branch: swift-4.0
    :git: https://github.com/thii/FontAwesome.swift
  SVProgressHUD:
    :git: https://github.com/SVProgressHUD/SVProgressHUD.git

CHECKOUT OPTIONS:
  DOFavoriteButton:
    :commit: 3a237a9eda88018ef36eb7e72bb0cc788ce62d37
    :git: https://github.com/fumiyasac/DOFavoriteButton
  FontAwesome.swift:
    :commit: ee1bf6b3db08f969ec7508c0feca3bac0d8b96ff
    :git: https://github.com/thii/FontAwesome.swift
  SVProgressHUD:
    :commit: bb4e4e460d4f8e2ecf20af99797f781e7cc09d8f
    :git: https://github.com/SVProgressHUD/SVProgressHUD.git

SPEC CHECKSUMS:
  Alamofire: f41a599bd63041760b26d393ec1069d9d7b917f4
  AlamofireImage: 2e784dc5d00f04903a52c1d169181469c805c3df
  DOFavoriteButton: 866e15af173d2dd5233971a1f657a5f31d2491d5
  FontAwesome.swift: 609815397a9b51cb4d774969787163c7d1306739
  Hero: cee286821578e170d8c0c9c9cda7897357401112
  IGListKit: cb97f405ae43e59fe1da74271e19427ec20d3c07
  KYNavigationProgress: a380f5016e898ea4577049cf7b41895ed2a8da5a
  PromiseKit: 9c1d9f6d7b65e3951a90bea7f407c56972be5d8e
  Realm: 6f23fd1f178a09342eac21bfa7c2bf4312a7a180
  RealmSwift: 695393add1b8f9d5fa75dd16e6355cf3935f71e2
  ReSwift: f058ef13b46ae5f463f10605ccbbb7fb04424d8d
  SkeletonView: 933a9442b08c3550f61c2ae38a02456a74ad86f4
  SVProgressHUD: 59b2d3dabacbd051576d21d32293ca7228dc18b0
  SwiftyJSON: 070dabdcb1beb81b247c65ffa3a79dbbfb3b48aa
  ViewAnimator: d7b18e0be98e05807f61ad886a36363727209377

PODFILE CHECKSUM: d4760c517c4605b67c28db84f0925034fec21fce

COCOAPODS: 1.4.0
