PODS:
  - Alamofire (5.5.0)
  - AlamofireImage (4.2.0):
    - Alamofire (~> 5.4)
  - CalculateCalendarLogic (0.5.0)
  - KYNavigationProgress (2.0.2)
  - PromiseKit (6.16.3):
    - PromiseKit/CorePromise (= 6.16.3)
    - PromiseKit/Foundation (= 6.16.3)
    - PromiseKit/UIKit (= 6.16.3)
  - PromiseKit/CorePromise (6.16.3)
  - PromiseKit/Foundation (6.16.3):
    - PromiseKit/CorePromise
  - PromiseKit/UIKit (6.16.3):
    - PromiseKit/CorePromise
  - Realm (10.22.0):
    - Realm/Headers (= 10.22.0)
  - Realm/Headers (10.22.0)
  - RealmSwift (10.22.0):
    - Realm (= 10.22.0)
  - ReSwift (6.1.0)
  - SwiftyJSON (5.0.1)

DEPENDENCIES:
  - Alamofire
  - AlamofireImage
  - CalculateCalendarLogic
  - KYNavigationProgress
  - PromiseKit
  - RealmSwift
  - ReSwift
  - SwiftyJSON

SPEC REPOS:
  trunk:
    - Alamofire
    - AlamofireImage
    - CalculateCalendarLogic
    - KYNavigationProgress
    - PromiseKit
    - Realm
    - RealmSwift
    - ReSwift
    - SwiftyJSON

SPEC CHECKSUMS:
  Alamofire: 1c4fb5369c3fe93d2857c780d8bbe09f06f97e7c
  AlamofireImage: 34a2d90b0e5fe6a5605f85ae4b7b01e784c60192
  CalculateCalendarLogic: d14189787cd47766e64281b2686608afea07ae4d
  KYNavigationProgress: a380f5016e898ea4577049cf7b41895ed2a8da5a
  PromiseKit: ed0e2a8e3f3cd59d5d98ca0a6de481a2c5c59c0b
  Realm: d9e4e5877095a6722145811f56fe89a531c9659d
  RealmSwift: e4191b4b957fcfcbed23751ec65eec98f8173ab5
  ReSwift: eab3c01e4279ba81b54a61e4fd6499634d20123a
  SwiftyJSON: 2f33a42c6fbc52764d96f13368585094bfd8aa5e

PODFILE CHECKSUM: 144fb50288490cef5330309d43aedf2c2d0099a8

COCOAPODS: 1.10.1
